
Microsoft Visual Studio Solution File, Format Version 12.00
# Visual Studio Version 17
VisualStudioVersion = 17.12.35527.113
MinimumVisualStudioVersion = 10.0.40219.1
Project("{FAE04EC0-301F-11D3-BF4B-00C04F79EFBC}") = "ParkSimulatorTestCore", "ParkSimulatorTestCore\ParkSimulatorTestCore.csproj", "{68E7B1BD-762A-4DA9-B9EB-16EC92BEB8F1}"
EndProject
Project("{FAE04EC0-301F-11D3-BF4B-00C04F79EFBC}") = "ParkSimulatorTestEditor", "ParkSimulatorTestEditor\ParkSimulatorTestEditor.csproj", "{8FA32501-4D4E-43DB-BAD8-6DFCFCA765C4}"
EndProject
Global
	GlobalSection(SolutionConfigurationPlatforms) = preSolution
		Debug|Any CPU = Debug|Any CPU
		Release|Any CPU = Release|Any CPU
	EndGlobalSection
	GlobalSection(ProjectConfigurationPlatforms) = postSolution
		{68E7B1BD-762A-4DA9-B9EB-16EC92BEB8F1}.Debug|Any CPU.ActiveCfg = Debug|Any CPU
		{68E7B1BD-762A-4DA9-B9EB-16EC92BEB8F1}.Debug|Any CPU.Build.0 = Debug|Any CPU
		{68E7B1BD-762A-4DA9-B9EB-16EC92BEB8F1}.Release|Any CPU.ActiveCfg = Release|Any CPU
		{68E7B1BD-762A-4DA9-B9EB-16EC92BEB8F1}.Release|Any CPU.Build.0 = Release|Any CPU
		{8FA32501-4D4E-43DB-BAD8-6DFCFCA765C4}.Debug|Any CPU.ActiveCfg = Debug|Any CPU
		{8FA32501-4D4E-43DB-BAD8-6DFCFCA765C4}.Debug|Any CPU.Build.0 = Debug|Any CPU
		{8FA32501-4D4E-43DB-BAD8-6DFCFCA765C4}.Release|Any CPU.ActiveCfg = Release|Any CPU
		{8FA32501-4D4E-43DB-BAD8-6DFCFCA765C4}.Release|Any CPU.Build.0 = Release|Any CPU
	EndGlobalSection
	GlobalSection(SolutionProperties) = preSolution
		HideSolutionNode = FALSE
	EndGlobalSection
EndGlobal
